
Microsoft Visual Studio Solution File, Format Version 12.00
# Visual Studio Version 16
VisualStudioVersion = 16.0.29728.190
MinimumVisualStudioVersion = 10.0.40219.1
Project("{FAE04EC0-301F-11D3-BF4B-00C04F79EFBC}") = "Lab_13_1", "Lab_13_1\Lab_13_1.csproj", "{4FEC2E74-0C7C-4579-AF04-46C38E3E9FBA}"
EndProject
Project("{FAE04EC0-301F-11D3-BF4B-00C04F79EFBC}") = "Abstract_Verif_Library", "Abstract_Verif_Library\Abstract_Verif_Library.csproj", "{AA2B3A8F-D851-4668-85A3-223F3999671C}"
EndProject
Project("{2150E333-8FDC-42A3-9474-1A3956D46DE8}") = "Solution Items", "Solution Items", "{6ED8D9AE-D0AC-4AF7-937D-5251DEB540F5}"
EndProject
Global
	GlobalSection(SolutionConfigurationPlatforms) = preSolution
		Debug|Any CPU = Debug|Any CPU
		Release|Any CPU = Release|Any CPU
	EndGlobalSection
	GlobalSection(ProjectConfigurationPlatforms) = postSolution
		{4FEC2E74-0C7C-4579-AF04-46C38E3E9FBA}.Debug|Any CPU.ActiveCfg = Debug|Any CPU
		{4FEC2E74-0C7C-4579-AF04-46C38E3E9FBA}.Debug|Any CPU.Build.0 = Debug|Any CPU
		{4FEC2E74-0C7C-4579-AF04-46C38E3E9FBA}.Release|Any CPU.ActiveCfg = Release|Any CPU
		{4FEC2E74-0C7C-4579-AF04-46C38E3E9FBA}.Release|Any CPU.Build.0 = Release|Any CPU
		{AA2B3A8F-D851-4668-85A3-223F3999671C}.Debug|Any CPU.ActiveCfg = Debug|Any CPU
		{AA2B3A8F-D851-4668-85A3-223F3999671C}.Debug|Any CPU.Build.0 = Debug|Any CPU
		{AA2B3A8F-D851-4668-85A3-223F3999671C}.Release|Any CPU.ActiveCfg = Release|Any CPU
		{AA2B3A8F-D851-4668-85A3-223F3999671C}.Release|Any CPU.Build.0 = Release|Any CPU
	EndGlobalSection
	GlobalSection(SolutionProperties) = preSolution
		HideSolutionNode = FALSE
	EndGlobalSection
	GlobalSection(ExtensibilityGlobals) = postSolution
		SolutionGuid = {D7B79F6F-9F57-4031-A8F7-74F1DF7A435C}
	EndGlobalSection
EndGlobal
